PODS:
  - AppAuth (1.4.0):
    - AppAuth/Core (= 1.4.0)
    - AppAuth/ExternalUserAgent (= 1.4.0)
  - AppAuth/Core (1.4.0)
  - AppAuth/ExternalUserAgent (1.4.0)
  - Base64 (1.1.2)
  - boost (1.76.0)
  - CatCrypto (0.3.2)
  - DoubleConversion (1.1.6)
  - EXApplication (5.1.1):
    - ExpoModulesCore
  - EXConstants (14.2.1):
    - ExpoModulesCore
  - EXFileSystem (15.2.2):
    - ExpoModulesCore
  - EXFont (11.1.1):
    - ExpoModulesCore
  - Expo (48.0.6):
    - ExpoModulesCore
  - ExpoCrypto (12.2.1):
    - ExpoModulesCore
  - ExpoKeepAwake (12.0.1):
    - ExpoModulesCore
  - ExpoLinearGradient (12.1.2):
    - ExpoModulesCore
  - ExpoLocalization (14.1.1):
    - ExpoModulesCore
  - ExpoModulesCore (1.2.5):
    - React-Core
    - React-RCTAppDelegate
    - ReactCommon/turbomodule/core
  - ExpoRandom (13.1.1):
    - ExpoModulesCore
  - EXSplashScreen (0.18.1):
    - ExpoModulesCore
    - React-Core
  - EXSQLite (11.1.1):
    - ExpoModulesCore
  - FBLazyVector (0.71.4)
  - FBReactNativeSpec (0.71.4):
    - RCT-Folly (= 2021.07.22.00)
    - RCTRequired (= 0.71.4)
    - RCTTypeSafety (= 0.71.4)
    - React-Core (= 0.71.4)
    - React-jsi (= 0.71.4)
    - ReactCommon/turbomodule/core (= 0.71.4)
  - fmt (6.2.1)
  - glog (0.3.5)
  - JWT (3.0.0-beta.12):
    - Base64 (~> 1.1.2)
  - Permission-AppTrackingTransparency (3.7.3):
    - RNPermissions
  - Permission-Camera (3.7.3):
    - RNPermissions
  - Permission-FaceID (3.7.3):
    - RNPermissions
  - Permission-Notifications (3.7.3):
    - RNPermissions
  - RCT-Folly (2021.07.22.00):
    - boost
    - DoubleConversion
    - fmt (~> 6.2.1)
    - glog
    - RCT-Folly/Default (= 2021.07.22.00)
  - RCT-Folly/Default (2021.07.22.00):
    - boost
    - DoubleConversion
    - fmt (~> 6.2.1)
    - glog
  - RCTRequired (0.71.4)
  - RCTTypeSafety (0.71.4):
    - FBLazyVector (= 0.71.4)
    - RCTRequired (= 0.71.4)
    - React-Core (= 0.71.4)
  - React (0.71.4):
    - React-Core (= 0.71.4)
    - React-Core/DevSupport (= 0.71.4)
    - React-Core/RCTWebSocket (= 0.71.4)
    - React-RCTActionSheet (= 0.71.4)
    - React-RCTAnimation (= 0.71.4)
    - React-RCTBlob (= 0.71.4)
    - React-RCTImage (= 0.71.4)
    - React-RCTLinking (= 0.71.4)
    - React-RCTNetwork (= 0.71.4)
    - React-RCTSettings (= 0.71.4)
    - React-RCTText (= 0.71.4)
    - React-RCTVibration (= 0.71.4)
  - React-callinvoker (0.71.4)
  - React-Codegen (0.71.4):
    - FBReactNativeSpec
    - RCT-Folly
    - RCTRequired
    - RCTTypeSafety
    - React-Core
    - React-jsc
    - React-jsi
    - React-jsiexecutor
    - ReactCommon/turbomodule/bridging
    - ReactCommon/turbomodule/core
  - React-Core (0.71.4):
    - glog
    - RCT-Folly (= 2021.07.22.00)
    - React-Core/Default (= 0.71.4)
    - React-cxxreact (= 0.71.4)
    - React-jsc
    - React-jsi (= 0.71.4)
    - React-jsiexecutor (= 0.71.4)
    - React-perflogger (= 0.71.4)
    - Yoga
  - React-Core/CoreModulesHeaders (0.71.4):
    - glog
    - RCT-Folly (= 2021.07.22.00)
    - React-Core/Default
    - React-cxxreact (= 0.71.4)
    - React-jsc
    - React-jsi (= 0.71.4)
    - React-jsiexecutor (= 0.71.4)
    - React-perflogger (= 0.71.4)
    - Yoga
  - React-Core/Default (0.71.4):
    - glog
    - RCT-Folly (= 2021.07.22.00)
    - React-cxxreact (= 0.71.4)
    - React-jsc
    - React-jsi (= 0.71.4)
    - React-jsiexecutor (= 0.71.4)
    - React-perflogger (= 0.71.4)
    - Yoga
  - React-Core/DevSupport (0.71.4):
    - glog
    - RCT-Folly (= 2021.07.22.00)
    - React-Core/Default (= 0.71.4)
    - React-Core/RCTWebSocket (= 0.71.4)
    - React-cxxreact (= 0.71.4)
    - React-jsc
    - React-jsi (= 0.71.4)
    - React-jsiexecutor (= 0.71.4)
    - React-jsinspector (= 0.71.4)
    - React-perflogger (= 0.71.4)
    - Yoga
  - React-Core/RCTActionSheetHeaders (0.71.4):
    - glog
    - RCT-Folly (= 2021.07.22.00)
    - React-Core/Default
    - React-cxxreact (= 0.71.4)
    - React-jsc
    - React-jsi (= 0.71.4)
    - React-jsiexecutor (= 0.71.4)
    - React-perflogger (= 0.71.4)
    - Yoga
  - React-Core/RCTAnimationHeaders (0.71.4):
    - glog
    - RCT-Folly (= 2021.07.22.00)
    - React-Core/Default
    - React-cxxreact (= 0.71.4)
    - React-jsc
    - React-jsi (= 0.71.4)
    - React-jsiexecutor (= 0.71.4)
    - React-perflogger (= 0.71.4)
    - Yoga
  - React-Core/RCTBlobHeaders (0.71.4):
    - glog
    - RCT-Folly (= 2021.07.22.00)
    - React-Core/Default
    - React-cxxreact (= 0.71.4)
    - React-jsc
    - React-jsi (= 0.71.4)
    - React-jsiexecutor (= 0.71.4)
    - React-perflogger (= 0.71.4)
    - Yoga
  - React-Core/RCTImageHeaders (0.71.4):
    - glog
    - RCT-Folly (= 2021.07.22.00)
    - React-Core/Default
    - React-cxxreact (= 0.71.4)
    - React-jsc
    - React-jsi (= 0.71.4)
    - React-jsiexecutor (= 0.71.4)
    - React-perflogger (= 0.71.4)
    - Yoga
  - React-Core/RCTLinkingHeaders (0.71.4):
    - glog
    - RCT-Folly (= 2021.07.22.00)
    - React-Core/Default
    - React-cxxreact (= 0.71.4)
    - React-jsc
    - React-jsi (= 0.71.4)
    - React-jsiexecutor (= 0.71.4)
    - React-perflogger (= 0.71.4)
    - Yoga
  - React-Core/RCTNetworkHeaders (0.71.4):
    - glog
    - RCT-Folly (= 2021.07.22.00)
    - React-Core/Default
    - React-cxxreact (= 0.71.4)
    - React-jsc
    - React-jsi (= 0.71.4)
    - React-jsiexecutor (= 0.71.4)
    - React-perflogger (= 0.71.4)
    - Yoga
  - React-Core/RCTSettingsHeaders (0.71.4):
    - glog
    - RCT-Folly (= 2021.07.22.00)
    - React-Core/Default
    - React-cxxreact (= 0.71.4)
    - React-jsc
    - React-jsi (= 0.71.4)
    - React-jsiexecutor (= 0.71.4)
    - React-perflogger (= 0.71.4)
    - Yoga
  - React-Core/RCTTextHeaders (0.71.4):
    - glog
    - RCT-Folly (= 2021.07.22.00)
    - React-Core/Default
    - React-cxxreact (= 0.71.4)
    - React-jsc
    - React-jsi (= 0.71.4)
    - React-jsiexecutor (= 0.71.4)
    - React-perflogger (= 0.71.4)
    - Yoga
  - React-Core/RCTVibrationHeaders (0.71.4):
    - glog
    - RCT-Folly (= 2021.07.22.00)
    - React-Core/Default
    - React-cxxreact (= 0.71.4)
    - React-jsc
    - React-jsi (= 0.71.4)
    - React-jsiexecutor (= 0.71.4)
    - React-perflogger (= 0.71.4)
    - Yoga
  - React-Core/RCTWebSocket (0.71.4):
    - glog
    - RCT-Folly (= 2021.07.22.00)
    - React-Core/Default (= 0.71.4)
    - React-cxxreact (= 0.71.4)
    - React-jsc
    - React-jsi (= 0.71.4)
    - React-jsiexecutor (= 0.71.4)
    - React-perflogger (= 0.71.4)
    - Yoga
  - React-CoreModules (0.71.4):
    - RCT-Folly (= 2021.07.22.00)
    - RCTTypeSafety (= 0.71.4)
    - React-Codegen (= 0.71.4)
    - React-Core/CoreModulesHeaders (= 0.71.4)
    - React-jsi (= 0.71.4)
    - React-RCTBlob
    - React-RCTImage (= 0.71.4)
    - ReactCommon/turbomodule/core (= 0.71.4)
  - React-cxxreact (0.71.4):
    - boost (= 1.76.0)
    - DoubleConversion
    - glog
    - RCT-Folly (= 2021.07.22.00)
    - React-callinvoker (= 0.71.4)
    - React-jsi (= 0.71.4)
    - React-jsinspector (= 0.71.4)
    - React-logger (= 0.71.4)
    - React-perflogger (= 0.71.4)
    - React-runtimeexecutor (= 0.71.4)
  - React-jsc (0.71.4):
    - React-jsc/Fabric (= 0.71.4)
    - React-jsi (= 0.71.4)
  - React-jsc/Fabric (0.71.4):
    - React-jsi (= 0.71.4)
  - React-jsi (0.71.4):
    - boost (= 1.76.0)
    - DoubleConversion
    - glog
    - RCT-Folly (= 2021.07.22.00)
  - React-jsiexecutor (0.71.4):
    - DoubleConversion
    - glog
    - RCT-Folly (= 2021.07.22.00)
    - React-cxxreact (= 0.71.4)
    - React-jsi (= 0.71.4)
    - React-perflogger (= 0.71.4)
  - React-jsinspector (0.71.4)
  - React-logger (0.71.4):
    - glog
  - react-native-app-auth (6.4.3):
    - AppAuth (= 1.4.0)
    - React-Core
  - react-native-blur (4.3.0):
    - React-Core
  - react-native-camera (4.2.1):
    - React-Core
    - react-native-camera/RCT (= 4.2.1)
    - react-native-camera/RN (= 4.2.1)
  - react-native-camera/RCT (4.2.1):
    - React-Core
  - react-native-camera/RN (4.2.1):
    - React-Core
  - react-native-fingerprint-scanner (6.0.0):
    - React
  - react-native-get-random-values (1.8.0):
    - React-Core
  - react-native-pager-view (6.1.2):
    - React-Core
  - react-native-pure-jwt (3.0.1):
    - JWT (= 3.0.0-beta.12)
    - React
  - react-native-randombytes (3.6.1):
    - React-Core
  - react-native-safe-area-context (4.5.0):
    - RCT-Folly
    - RCTRequired
    - RCTTypeSafety
    - React-Core
    - ReactCommon/turbomodule/core
  - react-native-secure-key-store (2.0.10):
    - React-Core
  - React-perflogger (0.71.4)
  - React-RCTActionSheet (0.71.4):
    - React-Core/RCTActionSheetHeaders (= 0.71.4)
  - React-RCTAnimation (0.71.4):
    - RCT-Folly (= 2021.07.22.00)
    - RCTTypeSafety (= 0.71.4)
    - React-Codegen (= 0.71.4)
    - React-Core/RCTAnimationHeaders (= 0.71.4)
    - React-jsi (= 0.71.4)
    - ReactCommon/turbomodule/core (= 0.71.4)
  - React-RCTAppDelegate (0.71.4):
    - RCT-Folly
    - RCTRequired
    - RCTTypeSafety
    - React-Core
    - ReactCommon/turbomodule/core
  - React-RCTBlob (0.71.4):
    - RCT-Folly (= 2021.07.22.00)
    - React-Codegen (= 0.71.4)
    - React-Core/RCTBlobHeaders (= 0.71.4)
    - React-Core/RCTWebSocket (= 0.71.4)
    - React-jsi (= 0.71.4)
    - React-RCTNetwork (= 0.71.4)
    - ReactCommon/turbomodule/core (= 0.71.4)
  - React-RCTImage (0.71.4):
    - RCT-Folly (= 2021.07.22.00)
    - RCTTypeSafety (= 0.71.4)
    - React-Codegen (= 0.71.4)
    - React-Core/RCTImageHeaders (= 0.71.4)
    - React-jsi (= 0.71.4)
    - React-RCTNetwork (= 0.71.4)
    - ReactCommon/turbomodule/core (= 0.71.4)
  - React-RCTLinking (0.71.4):
    - React-Codegen (= 0.71.4)
    - React-Core/RCTLinkingHeaders (= 0.71.4)
    - React-jsi (= 0.71.4)
    - ReactCommon/turbomodule/core (= 0.71.4)
  - React-RCTNetwork (0.71.4):
    - RCT-Folly (= 2021.07.22.00)
    - RCTTypeSafety (= 0.71.4)
    - React-Codegen (= 0.71.4)
    - React-Core/RCTNetworkHeaders (= 0.71.4)
    - React-jsi (= 0.71.4)
    - ReactCommon/turbomodule/core (= 0.71.4)
  - React-RCTSettings (0.71.4):
    - RCT-Folly (= 2021.07.22.00)
    - RCTTypeSafety (= 0.71.4)
    - React-Codegen (= 0.71.4)
    - React-Core/RCTSettingsHeaders (= 0.71.4)
    - React-jsi (= 0.71.4)
    - ReactCommon/turbomodule/core (= 0.71.4)
  - React-RCTText (0.71.4):
    - React-Core/RCTTextHeaders (= 0.71.4)
  - React-RCTVibration (0.71.4):
    - RCT-Folly (= 2021.07.22.00)
    - React-Codegen (= 0.71.4)
    - React-Core/RCTVibrationHeaders (= 0.71.4)
    - React-jsi (= 0.71.4)
    - ReactCommon/turbomodule/core (= 0.71.4)
  - React-runtimeexecutor (0.71.4):
    - React-jsi (= 0.71.4)
  - ReactCommon/turbomodule/bridging (0.71.4):
    - DoubleConversion
    - glog
    - RCT-Folly (= 2021.07.22.00)
    - React-callinvoker (= 0.71.4)
    - React-Core (= 0.71.4)
    - React-cxxreact (= 0.71.4)
    - React-jsi (= 0.71.4)
    - React-logger (= 0.71.4)
    - React-perflogger (= 0.71.4)
  - ReactCommon/turbomodule/core (0.71.4):
    - DoubleConversion
    - glog
    - RCT-Folly (= 2021.07.22.00)
    - React-callinvoker (= 0.71.4)
    - React-Core (= 0.71.4)
    - React-cxxreact (= 0.71.4)
    - React-jsi (= 0.71.4)
    - React-logger (= 0.71.4)
    - React-perflogger (= 0.71.4)
  - RNArgon2 (2.0.9):
    - CatCrypto
    - React-Core
  - RNCAsyncStorage (1.17.11):
    - React-Core
  - RNCMaskedView (0.2.8):
    - React-Core
  - RNFS (2.20.0):
    - React-Core
  - RNGestureHandler (2.9.0):
    - React-Core
  - RNOS (1.2.6):
    - React
  - RNPermissions (3.7.3):
    - React-Core
  - RNScreens (3.20.0):
    - React-Core
    - React-RCTImage
  - RNSecureRandom (1.0.1):
    - React
  - RNShare (8.2.1):
    - React-Core
  - RNShareMenu (6.0.0):
    - React
  - RNSVG (13.4.0):
    - React-Core
  - RNTextGradientView (0.1.7):
    - React
  - Yoga (1.14.0)

DEPENDENCIES:
  - boost (from `../node_modules/react-native/third-party-podspecs/boost.podspec`)
  - CatCrypto (from `https://github.com/Sphereon-Opensource/CatCrypto`)
  - DoubleConversion (from `../node_modules/react-native/third-party-podspecs/DoubleConversion.podspec`)
  - EXApplication (from `../node_modules/expo-application/ios`)
  - EXConstants (from `../node_modules/expo-constants/ios`)
  - EXFileSystem (from `../node_modules/expo-file-system/ios`)
  - EXFont (from `../node_modules/expo-font/ios`)
  - Expo (from `../node_modules/expo`)
  - ExpoCrypto (from `../node_modules/expo-crypto/ios`)
  - ExpoKeepAwake (from `../node_modules/expo-keep-awake/ios`)
  - ExpoLinearGradient (from `../node_modules/expo-linear-gradient/ios`)
  - ExpoLocalization (from `../node_modules/expo-localization/ios`)
  - ExpoModulesCore (from `../node_modules/expo-modules-core`)
  - ExpoRandom (from `../node_modules/expo-random/ios`)
  - EXSplashScreen (from `../node_modules/expo-splash-screen/ios`)
  - EXSQLite (from `../node_modules/expo-sqlite/ios`)
  - FBLazyVector (from `../node_modules/react-native/Libraries/FBLazyVector`)
  - FBReactNativeSpec (from `../node_modules/react-native/React/FBReactNativeSpec`)
  - glog (from `../node_modules/react-native/third-party-podspecs/glog.podspec`)
  - Permission-AppTrackingTransparency (from `../node_modules/react-native-permissions/ios/AppTrackingTransparency`)
  - Permission-Camera (from `../node_modules/react-native-permissions/ios/Camera`)
  - Permission-FaceID (from `../node_modules/react-native-permissions/ios/FaceID`)
  - Permission-Notifications (from `../node_modules/react-native-permissions/ios/Notifications`)
  - RCT-Folly (from `../node_modules/react-native/third-party-podspecs/RCT-Folly.podspec`)
  - RCTRequired (from `../node_modules/react-native/Libraries/RCTRequired`)
  - RCTTypeSafety (from `../node_modules/react-native/Libraries/TypeSafety`)
  - React (from `../node_modules/react-native/`)
  - React-callinvoker (from `../node_modules/react-native/ReactCommon/callinvoker`)
  - React-Codegen (from `build/generated/ios`)
  - React-Core (from `../node_modules/react-native/`)
  - React-Core/RCTWebSocket (from `../node_modules/react-native/`)
  - React-CoreModules (from `../node_modules/react-native/React/CoreModules`)
  - React-cxxreact (from `../node_modules/react-native/ReactCommon/cxxreact`)
  - React-jsc (from `../node_modules/react-native/ReactCommon/jsc`)
  - React-jsi (from `../node_modules/react-native/ReactCommon/jsi`)
  - React-jsiexecutor (from `../node_modules/react-native/ReactCommon/jsiexecutor`)
  - React-jsinspector (from `../node_modules/react-native/ReactCommon/jsinspector`)
  - React-logger (from `../node_modules/react-native/ReactCommon/logger`)
  - react-native-app-auth (from `../node_modules/react-native-app-auth`)
  - "react-native-blur (from `../node_modules/@react-native-community/blur`)"
  - react-native-camera (from `../node_modules/react-native-camera`)
  - react-native-fingerprint-scanner (from `../node_modules/react-native-fingerprint-scanner`)
  - react-native-get-random-values (from `../node_modules/react-native-get-random-values`)
  - react-native-pager-view (from `../node_modules/react-native-pager-view`)
  - react-native-pure-jwt (from `../node_modules/react-native-pure-jwt`)
  - react-native-randombytes (from `../node_modules/react-native-randombytes`)
  - react-native-safe-area-context (from `../node_modules/react-native-safe-area-context`)
  - react-native-secure-key-store (from `../node_modules/react-native-secure-key-store`)
  - React-perflogger (from `../node_modules/react-native/ReactCommon/reactperflogger`)
  - React-RCTActionSheet (from `../node_modules/react-native/Libraries/ActionSheetIOS`)
  - React-RCTAnimation (from `../node_modules/react-native/Libraries/NativeAnimation`)
  - React-RCTAppDelegate (from `../node_modules/react-native/Libraries/AppDelegate`)
  - React-RCTBlob (from `../node_modules/react-native/Libraries/Blob`)
  - React-RCTImage (from `../node_modules/react-native/Libraries/Image`)
  - React-RCTLinking (from `../node_modules/react-native/Libraries/LinkingIOS`)
  - React-RCTNetwork (from `../node_modules/react-native/Libraries/Network`)
  - React-RCTSettings (from `../node_modules/react-native/Libraries/Settings`)
  - React-RCTText (from `../node_modules/react-native/Libraries/Text`)
  - React-RCTVibration (from `../node_modules/react-native/Libraries/Vibration`)
  - React-runtimeexecutor (from `../node_modules/react-native/ReactCommon/runtimeexecutor`)
  - ReactCommon/turbomodule/core (from `../node_modules/react-native/ReactCommon`)
  - "RNArgon2 (from `../node_modules/@sphereon/react-native-argon2`)"
  - "RNCAsyncStorage (from `../node_modules/@react-native-async-storage/async-storage`)"
  - "RNCMaskedView (from `../node_modules/@react-native-masked-view/masked-view`)"
  - RNFS (from `../node_modules/react-native-fs`)
  - RNGestureHandler (from `../node_modules/react-native-gesture-handler`)
  - RNOS (from `../node_modules/react-native-os`)
  - RNPermissions (from `../node_modules/react-native-permissions`)
  - RNScreens (from `../node_modules/react-native-screens`)
  - RNSecureRandom (from `../node_modules/react-native-securerandom`)
  - RNShare (from `../node_modules/react-native-share`)
  - RNShareMenu (from `../node_modules/react-native-share-menu`)
  - RNSVG (from `../node_modules/react-native-svg`)
  - RNTextGradientView (from `../node_modules/react-native-text-gradient`)
  - Yoga (from `../node_modules/react-native/ReactCommon/yoga`)

SPEC REPOS:
  trunk:
    - AppAuth
    - Base64
    - fmt
    - JWT

EXTERNAL SOURCES:
  boost:
    :podspec: "../node_modules/react-native/third-party-podspecs/boost.podspec"
  CatCrypto:
    :git: https://github.com/Sphereon-Opensource/CatCrypto
  DoubleConversion:
    :podspec: "../node_modules/react-native/third-party-podspecs/DoubleConversion.podspec"
  EXApplication:
    :path: "../node_modules/expo-application/ios"
  EXConstants:
    :path: "../node_modules/expo-constants/ios"
  EXFileSystem:
    :path: "../node_modules/expo-file-system/ios"
  EXFont:
    :path: "../node_modules/expo-font/ios"
  Expo:
    :path: "../node_modules/expo"
  ExpoCrypto:
    :path: "../node_modules/expo-crypto/ios"
  ExpoKeepAwake:
    :path: "../node_modules/expo-keep-awake/ios"
  ExpoLinearGradient:
    :path: "../node_modules/expo-linear-gradient/ios"
  ExpoLocalization:
    :path: "../node_modules/expo-localization/ios"
  ExpoModulesCore:
    :path: "../node_modules/expo-modules-core"
  ExpoRandom:
    :path: "../node_modules/expo-random/ios"
  EXSplashScreen:
    :path: "../node_modules/expo-splash-screen/ios"
  EXSQLite:
    :path: "../node_modules/expo-sqlite/ios"
  FBLazyVector:
    :path: "../node_modules/react-native/Libraries/FBLazyVector"
  FBReactNativeSpec:
    :path: "../node_modules/react-native/React/FBReactNativeSpec"
  glog:
    :podspec: "../node_modules/react-native/third-party-podspecs/glog.podspec"
  Permission-AppTrackingTransparency:
    :path: "../node_modules/react-native-permissions/ios/AppTrackingTransparency"
  Permission-Camera:
    :path: "../node_modules/react-native-permissions/ios/Camera"
  Permission-FaceID:
    :path: "../node_modules/react-native-permissions/ios/FaceID"
  Permission-Notifications:
    :path: "../node_modules/react-native-permissions/ios/Notifications"
  RCT-Folly:
    :podspec: "../node_modules/react-native/third-party-podspecs/RCT-Folly.podspec"
  RCTRequired:
    :path: "../node_modules/react-native/Libraries/RCTRequired"
  RCTTypeSafety:
    :path: "../node_modules/react-native/Libraries/TypeSafety"
  React:
    :path: "../node_modules/react-native/"
  React-callinvoker:
    :path: "../node_modules/react-native/ReactCommon/callinvoker"
  React-Codegen:
    :path: build/generated/ios
  React-Core:
    :path: "../node_modules/react-native/"
  React-CoreModules:
    :path: "../node_modules/react-native/React/CoreModules"
  React-cxxreact:
    :path: "../node_modules/react-native/ReactCommon/cxxreact"
  React-jsc:
    :path: "../node_modules/react-native/ReactCommon/jsc"
  React-jsi:
    :path: "../node_modules/react-native/ReactCommon/jsi"
  React-jsiexecutor:
    :path: "../node_modules/react-native/ReactCommon/jsiexecutor"
  React-jsinspector:
    :path: "../node_modules/react-native/ReactCommon/jsinspector"
  React-logger:
    :path: "../node_modules/react-native/ReactCommon/logger"
  react-native-app-auth:
    :path: "../node_modules/react-native-app-auth"
  react-native-blur:
    :path: "../node_modules/@react-native-community/blur"
  react-native-camera:
    :path: "../node_modules/react-native-camera"
  react-native-fingerprint-scanner:
    :path: "../node_modules/react-native-fingerprint-scanner"
  react-native-get-random-values:
    :path: "../node_modules/react-native-get-random-values"
  react-native-pager-view:
    :path: "../node_modules/react-native-pager-view"
  react-native-pure-jwt:
    :path: "../node_modules/react-native-pure-jwt"
  react-native-randombytes:
    :path: "../node_modules/react-native-randombytes"
  react-native-safe-area-context:
    :path: "../node_modules/react-native-safe-area-context"
  react-native-secure-key-store:
    :path: "../node_modules/react-native-secure-key-store"
  React-perflogger:
    :path: "../node_modules/react-native/ReactCommon/reactperflogger"
  React-RCTActionSheet:
    :path: "../node_modules/react-native/Libraries/ActionSheetIOS"
  React-RCTAnimation:
    :path: "../node_modules/react-native/Libraries/NativeAnimation"
  React-RCTAppDelegate:
    :path: "../node_modules/react-native/Libraries/AppDelegate"
  React-RCTBlob:
    :path: "../node_modules/react-native/Libraries/Blob"
  React-RCTImage:
    :path: "../node_modules/react-native/Libraries/Image"
  React-RCTLinking:
    :path: "../node_modules/react-native/Libraries/LinkingIOS"
  React-RCTNetwork:
    :path: "../node_modules/react-native/Libraries/Network"
  React-RCTSettings:
    :path: "../node_modules/react-native/Libraries/Settings"
  React-RCTText:
    :path: "../node_modules/react-native/Libraries/Text"
  React-RCTVibration:
    :path: "../node_modules/react-native/Libraries/Vibration"
  React-runtimeexecutor:
    :path: "../node_modules/react-native/ReactCommon/runtimeexecutor"
  ReactCommon:
    :path: "../node_modules/react-native/ReactCommon"
  RNArgon2:
    :path: "../node_modules/@sphereon/react-native-argon2"
  RNCAsyncStorage:
    :path: "../node_modules/@react-native-async-storage/async-storage"
  RNCMaskedView:
    :path: "../node_modules/@react-native-masked-view/masked-view"
  RNFS:
    :path: "../node_modules/react-native-fs"
  RNGestureHandler:
    :path: "../node_modules/react-native-gesture-handler"
  RNOS:
    :path: "../node_modules/react-native-os"
  RNPermissions:
    :path: "../node_modules/react-native-permissions"
  RNScreens:
    :path: "../node_modules/react-native-screens"
  RNSecureRandom:
    :path: "../node_modules/react-native-securerandom"
  RNShare:
    :path: "../node_modules/react-native-share"
  RNShareMenu:
    :path: "../node_modules/react-native-share-menu"
  RNSVG:
    :path: "../node_modules/react-native-svg"
  RNTextGradientView:
    :path: "../node_modules/react-native-text-gradient"
  Yoga:
    :path: "../node_modules/react-native/ReactCommon/yoga"

CHECKOUT OPTIONS:
  CatCrypto:
    :commit: 67909e54acf56c08f1b2f83fe44c0f7e4df71ed4
    :git: https://github.com/Sphereon-Opensource/CatCrypto

SPEC CHECKSUMS:
  AppAuth: 31bcec809a638d7bd2f86ea8a52bd45f6e81e7c7
  Base64: cecfb41a004124895a7bcee567a89bae5a89d49b
  boost: 57d2868c099736d80fcd648bf211b4431e51a558
  CatCrypto: a477899b6be4954e75be4897e732da098cc0a5a8
  DoubleConversion: 5189b271737e1565bdce30deb4a08d647e3f5f54
  EXApplication: d8f53a7eee90a870a75656280e8d4b85726ea903
  EXConstants: f348da07e21b23d2b085e270d7b74f282df1a7d9
  EXFileSystem: 844e86ca9b5375486ecc4ef06d3838d5597d895d
  EXFont: 6ea3800df746be7233208d80fe379b8ed74f4272
  Expo: 04ba1ddde0be07aff4306ae636a1804810679145
  ExpoCrypto: 477dfe89c81527b376f2c344ca1d2a01244b243c
  ExpoKeepAwake: 69f5f627670d62318410392d03e0b5db0f85759a
  ExpoLinearGradient: 8eaab76b7f55c612ed8348c8be8c2a18a9b4529f
  ExpoLocalization: f26cd431ad9ea3533c5b08c4fabd879176a794bb
  ExpoModulesCore: 397fc99e9d6c9dcc010f36d5802097c17b90424c
  ExpoRandom: 7ee07d62e7003b74d0536e0495e3a653fe1b2a74
  EXSplashScreen: cd7fb052dff5ba8311d5c2455ecbebffe1b7a8ca
  EXSQLite: 848167441b14cb6cdd6ae46c8d62289161a79550
  FBLazyVector: 446e84642979fff0ba57f3c804c2228a473aeac2
  FBReactNativeSpec: 241709e132e3bf1526c1c4f00bc5384dd39dfba9
  fmt: ff9d55029c625d3757ed641535fd4a75fedc7ce9
  glog: 04b94705f318337d7ead9e6d17c019bd9b1f6b1b
  JWT: 9b5c05abbcc1a0e69c3c91e1655b3387fc7e581d
  Permission-AppTrackingTransparency: 5abf04ed7edda9ad48ebb408d2cae9ad5b1469f7
  Permission-Camera: c0ef0e1f3ff6796f89cdbc3628f405f1b7c381d5
  Permission-FaceID: 188454c5fce3b58fac79b68ccca8941b2942e018
  Permission-Notifications: 634153e2a17bb90df095b0ffa8f28743d7e490d4
  RCT-Folly: 424b8c9a7a0b9ab2886ffe9c3b041ef628fd4fb1
  RCTRequired: 5a024fdf458fa8c0d82fc262e76f982d4dcdecdd
  RCTTypeSafety: b6c253064466411c6810b45f66bc1e43ce0c54ba
  React: 715292db5bd46989419445a5547954b25d2090f0
  React-callinvoker: 105392d1179058585b564d35b4592fe1c46d6fba
  React-Codegen: bddf7cc33e6ef5dd9dee4c32d3ad25169af3892c
  React-Core: e0219b9fdb688015805f9a7d17c1bbcfc5209cea
  React-CoreModules: cd238b4bb8dc8529ccc8b34ceae7267b04ce1882
  React-cxxreact: e541a9279076a4567cf20f8f0512ffd10832befd
  React-jsc: 725bd22548e9b78504fecb8eeb228c9b1b65e296
  React-jsi: 40686d73008a968fee5ec507a48aaf7d387a56c4
  React-jsiexecutor: f423aa99034210dd6fe12723be4bf44e4e113985
  React-jsinspector: 1f51e775819199d3fe9410e69ee8d4c4161c7b06
  React-logger: 0d58569ec51d30d1792c5e86a8e3b78d24b582c6
  react-native-app-auth: fd1eaa667c0bc014199456d14a6440cb74de814e
  react-native-blur: 50c9feabacbc5f49b61337ebc32192c6be7ec3c3
  react-native-camera: 3eae183c1d111103963f3dd913b65d01aef8110f
  react-native-fingerprint-scanner: ac6656f18c8e45a7459302b84da41a44ad96dbbe
  react-native-get-random-values: a6ea6a8a65dc93e96e24a11105b1a9c8cfe1d72a
  react-native-pager-view: 54bed894cecebe28cede54c01038d9d1e122de43
  react-native-pure-jwt: 94a3662655c6d677acb7b16048ed69b88b93073d
  react-native-randombytes: 421f1c7d48c0af8dbcd471b0324393ebf8fe7846
  react-native-safe-area-context: 39c2d8be3328df5d437ac1700f4f3a4f75716acc
  react-native-secure-key-store: 910e6df6bc33cb790aba6ee24bc7818df1fe5898
  React-perflogger: 0bb0522a12e058f6eb69d888bc16f40c16c4b907
  React-RCTActionSheet: bfd675a10f06a18728ea15d82082d48f228a213a
  React-RCTAnimation: 2fa220b2052ec75b733112aca39143d34546a941
  React-RCTAppDelegate: bab0ad94a7e5ed63841f02253f46ed5d66c1dccd
  React-RCTBlob: b6c642da11cbe238c7fdb178dc4e805585710f97
  React-RCTImage: fec592c46edb7c12a9cde08780bdb4a688416c62
  React-RCTLinking: 14eccac5d2a3b34b89dbfa29e8ef6219a153fe2d
  React-RCTNetwork: 1fbce92e772e39ca3687a2ebb854501ff6226dd7
  React-RCTSettings: 1abea36c9bb16d9979df6c4b42e2ea281b4bbcc5
  React-RCTText: 15355c41561a9f43dfd23616d0a0dd40ba05ed61
  React-RCTVibration: ad17efcfb2fa8f6bfd8ac0cf48d96668b8b28e0b
  React-runtimeexecutor: 8fa50b38df6b992c76537993a2b0553d3b088004
  ReactCommon: 1fed1243105330aa50ad7051207b61656f5e570b
  RNArgon2: 61a1dee972c3754d396ad3c07f47f90d8bb784fa
  RNCAsyncStorage: 8616bd5a58af409453ea4e1b246521bb76578d60
  RNCMaskedView: bc0170f389056201c82a55e242e5d90070e18e5a
  RNFS: 4ac0f0ea233904cb798630b3c077808c06931688
  RNGestureHandler: 071d7a9ad81e8b83fe7663b303d132406a7d8f39
  RNOS: 6f2f9a70895bbbfbdad7196abd952e7b01d45027
  RNPermissions: 314155ed6ce65237e7bd9fb6239219cce83228d3
  RNScreens: 218801c16a2782546d30bd2026bb625c0302d70f
  RNSecureRandom: 07efbdf2cd99efe13497433668e54acd7df49fef
  RNShare: eaee3dd5a06dad397c7d3b14762007035c5de405
  RNShareMenu: cb9dac548c8bf147d06f0bf07296ad51ea9f5fc3
  RNSVG: 07dbd870b0dcdecc99b3a202fa37c8ca163caec2
  RNTextGradientView: 3eb4744303f801546fad35ac47a53cc82257cb25
  Yoga: 79dd7410de6f8ad73a77c868d3d368843f0c93e0

PODFILE CHECKSUM: 7330d68c7b31f7fef0a76e9ae64ee7fd0fdf9864

COCOAPODS: 1.11.3
